
Microsoft Visual Studio Solution File, Format Version 12.00
# Visual Studio 15
Project("{FAE04EC0-301F-11D3-BF4B-00C04F79EFBC}") = "Turtle", "Turtle\Turtle.csproj", "{CBBDE03A-7FDC-45FA-898D-0BA7F5073F37}"
EndProject
Project("{FAE04EC0-301F-11D3-BF4B-00C04F79EFBC}") = "TestArea", "TestArea\TestArea.csproj", "{9C5A6A6F-D4D2-46E8-941B-06C2C6F512A2}"
EndProject
Global
	GlobalSection(SolutionConfigurationPlatforms) = preSolution
		Debug|Any CPU = Debug|Any CPU
		Release|Any CPU = Release|Any CPU
	EndGlobalSection
	GlobalSection(ProjectConfigurationPlatforms) = postSolution
		{CBBDE03A-7FDC-45FA-898D-0BA7F5073F37}.Debug|Any CPU.ActiveCfg = Debug|Any CPU
		{CBBDE03A-7FDC-45FA-898D-0BA7F5073F37}.Debug|Any CPU.Build.0 = Debug|Any CPU
		{CBBDE03A-7FDC-45FA-898D-0BA7F5073F37}.Release|Any CPU.ActiveCfg = Release|Any CPU
		{CBBDE03A-7FDC-45FA-898D-0BA7F5073F37}.Release|Any CPU.Build.0 = Release|Any CPU
		{9C5A6A6F-D4D2-46E8-941B-06C2C6F512A2}.Debug|Any CPU.ActiveCfg = Debug|Any CPU
		{9C5A6A6F-D4D2-46E8-941B-06C2C6F512A2}.Debug|Any CPU.Build.0 = Debug|Any CPU
		{9C5A6A6F-D4D2-46E8-941B-06C2C6F512A2}.Release|Any CPU.ActiveCfg = Release|Any CPU
		{9C5A6A6F-D4D2-46E8-941B-06C2C6F512A2}.Release|Any CPU.Build.0 = Release|Any CPU
	EndGlobalSection
EndGlobal
